
Microsoft Visual Studio Solution File, Format Version 12.00
# Visual Studio Version 16
VisualStudioVersion = 16.0.31729.503
MinimumVisualStudioVersion = 10.0.40219.1
Project("{FAE04EC0-301F-11D3-BF4B-00C04F79EFBC}") = "InheritanceConstructorV1App", "InheritanceConstructorV1App\InheritanceConstructorV1App.csproj", "{456DE6B2-EC1C-4ACD-AF7D-94C04B141D1C}"
EndProject
Global
	GlobalSection(SolutionConfigurationPlatforms) = preSolution
		Debug|Any CPU = Debug|Any CPU
		Release|Any CPU = Release|Any CPU
	EndGlobalSection
	GlobalSection(ProjectConfigurationPlatforms) = postSolution
		{456DE6B2-EC1C-4ACD-AF7D-94C04B141D1C}.Debug|Any CPU.ActiveCfg = Debug|Any CPU
		{456DE6B2-EC1C-4ACD-AF7D-94C04B141D1C}.Debug|Any CPU.Build.0 = Debug|Any CPU
		{456DE6B2-EC1C-4ACD-AF7D-94C04B141D1C}.Release|Any CPU.ActiveCfg = Release|Any CPU
		{456DE6B2-EC1C-4ACD-AF7D-94C04B141D1C}.Release|Any CPU.Build.0 = Release|Any CPU
	EndGlobalSection
	GlobalSection(SolutionProperties) = preSolution
		HideSolutionNode = FALSE
	EndGlobalSection
	GlobalSection(ExtensibilityGlobals) = postSolution
		SolutionGuid = {70B3B6D2-BD43-4365-B77E-20D671642975}
	EndGlobalSection
EndGlobal
