
Microsoft Visual Studio Solution File, Format Version 12.00
# Visual Studio Version 16
VisualStudioVersion = 16.0.31702.278
MinimumVisualStudioVersion = 10.0.40219.1
Project("{FAE04EC0-301F-11D3-BF4B-00C04F79EFBC}") = "CircleEncapTestApp", "CircleEncapTestApp\CircleEncapTestApp.csproj", "{1C383F11-DC03-42B9-9B8A-E53594F308A0}"
EndProject
Global
	GlobalSection(SolutionConfigurationPlatforms) = preSolution
		Debug|Any CPU = Debug|Any CPU
		Release|Any CPU = Release|Any CPU
	EndGlobalSection
	GlobalSection(ProjectConfigurationPlatforms) = postSolution
		{1C383F11-DC03-42B9-9B8A-E53594F308A0}.Debug|Any CPU.ActiveCfg = Debug|Any CPU
		{1C383F11-DC03-42B9-9B8A-E53594F308A0}.Debug|Any CPU.Build.0 = Debug|Any CPU
		{1C383F11-DC03-42B9-9B8A-E53594F308A0}.Release|Any CPU.ActiveCfg = Release|Any CPU
		{1C383F11-DC03-42B9-9B8A-E53594F308A0}.Release|Any CPU.Build.0 = Release|Any CPU
	EndGlobalSection
	GlobalSection(SolutionProperties) = preSolution
		HideSolutionNode = FALSE
	EndGlobalSection
	GlobalSection(ExtensibilityGlobals) = postSolution
		SolutionGuid = {0FFDF4DD-73A7-4053-873A-2C4DD332C190}
	EndGlobalSection
EndGlobal
