
Microsoft Visual Studio Solution File, Format Version 12.00
# Visual Studio Version 16
VisualStudioVersion = 16.0.31702.278
MinimumVisualStudioVersion = 10.0.40219.1
Project("{FAE04EC0-301F-11D3-BF4B-00C04F79EFBC}") = "RollDiceGame", "RollDiceGame\RollDiceGame.csproj", "{0565F12A-5269-4A81-9983-B5E3225D86AD}"
EndProject
Global
	GlobalSection(SolutionConfigurationPlatforms) = preSolution
		Debug|Any CPU = Debug|Any CPU
		Release|Any CPU = Release|Any CPU
	EndGlobalSection
	GlobalSection(ProjectConfigurationPlatforms) = postSolution
		{0565F12A-5269-4A81-9983-B5E3225D86AD}.Debug|Any CPU.ActiveCfg = Debug|Any CPU
		{0565F12A-5269-4A81-9983-B5E3225D86AD}.Debug|Any CPU.Build.0 = Debug|Any CPU
		{0565F12A-5269-4A81-9983-B5E3225D86AD}.Release|Any CPU.ActiveCfg = Release|Any CPU
		{0565F12A-5269-4A81-9983-B5E3225D86AD}.Release|Any CPU.Build.0 = Release|Any CPU
	EndGlobalSection
	GlobalSection(SolutionProperties) = preSolution
		HideSolutionNode = FALSE
	EndGlobalSection
	GlobalSection(ExtensibilityGlobals) = postSolution
		SolutionGuid = {F07CD4A4-2539-4F59-9625-C7904771455A}
	EndGlobalSection
EndGlobal
