
Microsoft Visual Studio Solution File, Format Version 12.00
# Visual Studio Version 16
VisualStudioVersion = 16.0.31729.503
MinimumVisualStudioVersion = 10.0.40219.1
Project("{FAE04EC0-301F-11D3-BF4B-00C04F79EFBC}") = "UnitTestApp", "UnitTestApp\UnitTestApp.csproj", "{49B5F415-F741-42AB-B401-B4725481C291}"
EndProject
Project("{FAE04EC0-301F-11D3-BF4B-00C04F79EFBC}") = "Demo", "UnitTestAppTests\Demo.csproj", "{36B40B7D-FE9F-4C73-8232-4D4F0897A2F1}"
EndProject
Global
	GlobalSection(SolutionConfigurationPlatforms) = preSolution
		Debug|Any CPU = Debug|Any CPU
		Release|Any CPU = Release|Any CPU
	EndGlobalSection
	GlobalSection(ProjectConfigurationPlatforms) = postSolution
		{49B5F415-F741-42AB-B401-B4725481C291}.Debug|Any CPU.ActiveCfg = Debug|Any CPU
		{49B5F415-F741-42AB-B401-B4725481C291}.Debug|Any CPU.Build.0 = Debug|Any CPU
		{49B5F415-F741-42AB-B401-B4725481C291}.Release|Any CPU.ActiveCfg = Release|Any CPU
		{49B5F415-F741-42AB-B401-B4725481C291}.Release|Any CPU.Build.0 = Release|Any CPU
		{36B40B7D-FE9F-4C73-8232-4D4F0897A2F1}.Debug|Any CPU.ActiveCfg = Debug|Any CPU
		{36B40B7D-FE9F-4C73-8232-4D4F0897A2F1}.Debug|Any CPU.Build.0 = Debug|Any CPU
		{36B40B7D-FE9F-4C73-8232-4D4F0897A2F1}.Release|Any CPU.ActiveCfg = Release|Any CPU
		{36B40B7D-FE9F-4C73-8232-4D4F0897A2F1}.Release|Any CPU.Build.0 = Release|Any CPU
	EndGlobalSection
	GlobalSection(SolutionProperties) = preSolution
		HideSolutionNode = FALSE
	EndGlobalSection
	GlobalSection(ExtensibilityGlobals) = postSolution
		SolutionGuid = {ED970FD6-EF21-4B61-8F23-E577E60CFDBD}
	EndGlobalSection
EndGlobal
