
Microsoft Visual Studio Solution File, Format Version 12.00
# Visual Studio Version 16
VisualStudioVersion = 16.0.31729.503
MinimumVisualStudioVersion = 10.0.40219.1
Project("{FAE04EC0-301F-11D3-BF4B-00C04F79EFBC}") = "SingletonDesignPattern", "SingletonDesignPatternApp\SingletonDesignPattern.csproj", "{04315A8A-ADC2-4B8D-A6E4-803C7DD94110}"
EndProject
Project("{2150E333-8FDC-42A3-9474-1A3956D46DE8}") = "DesignPattern", "DesignPattern", "{1F1B16E0-663D-4257-A39E-D6F1E9866911}"
EndProject
Global
	GlobalSection(SolutionConfigurationPlatforms) = preSolution
		Debug|Any CPU = Debug|Any CPU
		Release|Any CPU = Release|Any CPU
	EndGlobalSection
	GlobalSection(ProjectConfigurationPlatforms) = postSolution
		{04315A8A-ADC2-4B8D-A6E4-803C7DD94110}.Debug|Any CPU.ActiveCfg = Debug|Any CPU
		{04315A8A-ADC2-4B8D-A6E4-803C7DD94110}.Debug|Any CPU.Build.0 = Debug|Any CPU
		{04315A8A-ADC2-4B8D-A6E4-803C7DD94110}.Release|Any CPU.ActiveCfg = Release|Any CPU
		{04315A8A-ADC2-4B8D-A6E4-803C7DD94110}.Release|Any CPU.Build.0 = Release|Any CPU
	EndGlobalSection
	GlobalSection(SolutionProperties) = preSolution
		HideSolutionNode = FALSE
	EndGlobalSection
	GlobalSection(NestedProjects) = preSolution
		{04315A8A-ADC2-4B8D-A6E4-803C7DD94110} = {1F1B16E0-663D-4257-A39E-D6F1E9866911}
	EndGlobalSection
	GlobalSection(ExtensibilityGlobals) = postSolution
		SolutionGuid = {9EDF100D-69E3-4050-8F01-C065143D13E9}
	EndGlobalSection
EndGlobal
