
Microsoft Visual Studio Solution File, Format Version 12.00
# Visual Studio Version 16
VisualStudioVersion = 16.0.31729.503
MinimumVisualStudioVersion = 10.0.40219.1
Project("{FAE04EC0-301F-11D3-BF4B-00C04F79EFBC}") = "ExceptionGeneratorApp", "ExceptionGeneratorApp\ExceptionGeneratorApp.csproj", "{FDF5B4A1-10BB-4F3E-AA42-1AA9A925FD1B}"
EndProject
Global
	GlobalSection(SolutionConfigurationPlatforms) = preSolution
		Debug|Any CPU = Debug|Any CPU
		Release|Any CPU = Release|Any CPU
	EndGlobalSection
	GlobalSection(ProjectConfigurationPlatforms) = postSolution
		{FDF5B4A1-10BB-4F3E-AA42-1AA9A925FD1B}.Debug|Any CPU.ActiveCfg = Debug|Any CPU
		{FDF5B4A1-10BB-4F3E-AA42-1AA9A925FD1B}.Debug|Any CPU.Build.0 = Debug|Any CPU
		{FDF5B4A1-10BB-4F3E-AA42-1AA9A925FD1B}.Release|Any CPU.ActiveCfg = Release|Any CPU
		{FDF5B4A1-10BB-4F3E-AA42-1AA9A925FD1B}.Release|Any CPU.Build.0 = Release|Any CPU
	EndGlobalSection
	GlobalSection(SolutionProperties) = preSolution
		HideSolutionNode = FALSE
	EndGlobalSection
	GlobalSection(ExtensibilityGlobals) = postSolution
		SolutionGuid = {8329D371-3FFF-40EB-B878-5747721A8FA7}
	EndGlobalSection
EndGlobal
