
Microsoft Visual Studio Solution File, Format Version 12.00
# Visual Studio Version 16
VisualStudioVersion = 16.0.31729.503
MinimumVisualStudioVersion = 10.0.40219.1
Project("{FAE04EC0-301F-11D3-BF4B-00C04F79EFBC}") = "AccountPolymorphismApp", "AccountPolymorphismApp\AccountPolymorphismApp.csproj", "{04B9001A-04BC-4C30-B080-4379E7D6C31B}"
EndProject
Global
	GlobalSection(SolutionConfigurationPlatforms) = preSolution
		Debug|Any CPU = Debug|Any CPU
		Release|Any CPU = Release|Any CPU
	EndGlobalSection
	GlobalSection(ProjectConfigurationPlatforms) = postSolution
		{04B9001A-04BC-4C30-B080-4379E7D6C31B}.Debug|Any CPU.ActiveCfg = Debug|Any CPU
		{04B9001A-04BC-4C30-B080-4379E7D6C31B}.Debug|Any CPU.Build.0 = Debug|Any CPU
		{04B9001A-04BC-4C30-B080-4379E7D6C31B}.Release|Any CPU.ActiveCfg = Release|Any CPU
		{04B9001A-04BC-4C30-B080-4379E7D6C31B}.Release|Any CPU.Build.0 = Release|Any CPU
	EndGlobalSection
	GlobalSection(SolutionProperties) = preSolution
		HideSolutionNode = FALSE
	EndGlobalSection
	GlobalSection(ExtensibilityGlobals) = postSolution
		SolutionGuid = {AE8C0F70-FCD0-46FB-9E66-D8DC9D3BB713}
	EndGlobalSection
EndGlobal
