
Microsoft Visual Studio Solution File, Format Version 12.00
# Visual Studio Version 16
VisualStudioVersion = 16.0.31729.503
MinimumVisualStudioVersion = 10.0.40219.1
Project("{FAE04EC0-301F-11D3-BF4B-00C04F79EFBC}") = "OCPViolation", "OCPViolation\OCPViolation.csproj", "{87E405FC-4911-4741-8B8E-FA8E2E6F661A}"
EndProject
Project("{FAE04EC0-301F-11D3-BF4B-00C04F79EFBC}") = "OCPSolution", "OCPSolution\OCPSolution.csproj", "{B512CEB3-1AC0-406B-BFFC-DD931CC34550}"
EndProject
Global
	GlobalSection(SolutionConfigurationPlatforms) = preSolution
		Debug|Any CPU = Debug|Any CPU
		Release|Any CPU = Release|Any CPU
	EndGlobalSection
	GlobalSection(ProjectConfigurationPlatforms) = postSolution
		{87E405FC-4911-4741-8B8E-FA8E2E6F661A}.Debug|Any CPU.ActiveCfg = Debug|Any CPU
		{87E405FC-4911-4741-8B8E-FA8E2E6F661A}.Debug|Any CPU.Build.0 = Debug|Any CPU
		{87E405FC-4911-4741-8B8E-FA8E2E6F661A}.Release|Any CPU.ActiveCfg = Release|Any CPU
		{87E405FC-4911-4741-8B8E-FA8E2E6F661A}.Release|Any CPU.Build.0 = Release|Any CPU
		{B512CEB3-1AC0-406B-BFFC-DD931CC34550}.Debug|Any CPU.ActiveCfg = Debug|Any CPU
		{B512CEB3-1AC0-406B-BFFC-DD931CC34550}.Debug|Any CPU.Build.0 = Debug|Any CPU
		{B512CEB3-1AC0-406B-BFFC-DD931CC34550}.Release|Any CPU.ActiveCfg = Release|Any CPU
		{B512CEB3-1AC0-406B-BFFC-DD931CC34550}.Release|Any CPU.Build.0 = Release|Any CPU
	EndGlobalSection
	GlobalSection(SolutionProperties) = preSolution
		HideSolutionNode = FALSE
	EndGlobalSection
	GlobalSection(ExtensibilityGlobals) = postSolution
		SolutionGuid = {FA465685-1F05-49D0-8BB3-655D1F59FFF9}
	EndGlobalSection
EndGlobal
