
Microsoft Visual Studio Solution File, Format Version 12.00
# Visual Studio Version 16
VisualStudioVersion = 16.0.31702.278
MinimumVisualStudioVersion = 10.0.40219.1
Project("{FAE04EC0-301F-11D3-BF4B-00C04F79EFBC}") = "RectangleAbstractionApp", "RectangleAbstractionApp\RectangleAbstractionApp.csproj", "{32460FDD-C6E0-49D4-A078-E21C5F2E90F5}"
EndProject
Global
	GlobalSection(SolutionConfigurationPlatforms) = preSolution
		Debug|Any CPU = Debug|Any CPU
		Release|Any CPU = Release|Any CPU
	EndGlobalSection
	GlobalSection(ProjectConfigurationPlatforms) = postSolution
		{32460FDD-C6E0-49D4-A078-E21C5F2E90F5}.Debug|Any CPU.ActiveCfg = Debug|Any CPU
		{32460FDD-C6E0-49D4-A078-E21C5F2E90F5}.Debug|Any CPU.Build.0 = Debug|Any CPU
		{32460FDD-C6E0-49D4-A078-E21C5F2E90F5}.Release|Any CPU.ActiveCfg = Release|Any CPU
		{32460FDD-C6E0-49D4-A078-E21C5F2E90F5}.Release|Any CPU.Build.0 = Release|Any CPU
	EndGlobalSection
	GlobalSection(SolutionProperties) = preSolution
		HideSolutionNode = FALSE
	EndGlobalSection
	GlobalSection(ExtensibilityGlobals) = postSolution
		SolutionGuid = {5232FEA5-E943-4993-BF77-AD144261A0D4}
	EndGlobalSection
EndGlobal
