
Microsoft Visual Studio Solution File, Format Version 12.00
# Visual Studio Version 16
VisualStudioVersion = 16.0.31729.503
MinimumVisualStudioVersion = 10.0.40219.1
Project("{FAE04EC0-301F-11D3-BF4B-00C04F79EFBC}") = "LSPViolation", "LSPViolation\LSPViolation.csproj", "{46FE0D0B-6003-4813-BC04-1A254A26F064}"
EndProject
Project("{FAE04EC0-301F-11D3-BF4B-00C04F79EFBC}") = "LSPSolution", "LSPSolution\LSPSolution.csproj", "{F842D329-0930-4026-AD04-DB7ABCD00E77}"
EndProject
Project("{FAE04EC0-301F-11D3-BF4B-00C04F79EFBC}") = "LSPTest", "LSPTest\LSPTest.csproj", "{A4036CDB-7CA8-44B1-A299-BD477B4D59EA}"
EndProject
Global
	GlobalSection(SolutionConfigurationPlatforms) = preSolution
		Debug|Any CPU = Debug|Any CPU
		Release|Any CPU = Release|Any CPU
	EndGlobalSection
	GlobalSection(ProjectConfigurationPlatforms) = postSolution
		{46FE0D0B-6003-4813-BC04-1A254A26F064}.Debug|Any CPU.ActiveCfg = Debug|Any CPU
		{46FE0D0B-6003-4813-BC04-1A254A26F064}.Debug|Any CPU.Build.0 = Debug|Any CPU
		{46FE0D0B-6003-4813-BC04-1A254A26F064}.Release|Any CPU.ActiveCfg = Release|Any CPU
		{46FE0D0B-6003-4813-BC04-1A254A26F064}.Release|Any CPU.Build.0 = Release|Any CPU
		{F842D329-0930-4026-AD04-DB7ABCD00E77}.Debug|Any CPU.ActiveCfg = Debug|Any CPU
		{F842D329-0930-4026-AD04-DB7ABCD00E77}.Debug|Any CPU.Build.0 = Debug|Any CPU
		{F842D329-0930-4026-AD04-DB7ABCD00E77}.Release|Any CPU.ActiveCfg = Release|Any CPU
		{F842D329-0930-4026-AD04-DB7ABCD00E77}.Release|Any CPU.Build.0 = Release|Any CPU
		{A4036CDB-7CA8-44B1-A299-BD477B4D59EA}.Debug|Any CPU.ActiveCfg = Debug|Any CPU
		{A4036CDB-7CA8-44B1-A299-BD477B4D59EA}.Debug|Any CPU.Build.0 = Debug|Any CPU
		{A4036CDB-7CA8-44B1-A299-BD477B4D59EA}.Release|Any CPU.ActiveCfg = Release|Any CPU
		{A4036CDB-7CA8-44B1-A299-BD477B4D59EA}.Release|Any CPU.Build.0 = Release|Any CPU
	EndGlobalSection
	GlobalSection(SolutionProperties) = preSolution
		HideSolutionNode = FALSE
	EndGlobalSection
	GlobalSection(ExtensibilityGlobals) = postSolution
		SolutionGuid = {5276C95E-B661-4026-95CF-490F6987262B}
	EndGlobalSection
EndGlobal
