
Microsoft Visual Studio Solution File, Format Version 12.00
# Visual Studio Version 16
VisualStudioVersion = 16.0.31729.503
MinimumVisualStudioVersion = 10.0.40219.1
Project("{FAE04EC0-301F-11D3-BF4B-00C04F79EFBC}") = "SubscriberClient", "SubscriberClient\SubscriberClient.csproj", "{02A1A418-A89A-4703-84DC-B00CBBB24AD9}"
EndProject
Project("{FAE04EC0-301F-11D3-BF4B-00C04F79EFBC}") = "PublisherLib", "PublisherLib\PublisherLib.csproj", "{C6939FFC-294D-4B1D-91F5-CE166031BD2D}"
EndProject
Global
	GlobalSection(SolutionConfigurationPlatforms) = preSolution
		Debug|Any CPU = Debug|Any CPU
		Release|Any CPU = Release|Any CPU
	EndGlobalSection
	GlobalSection(ProjectConfigurationPlatforms) = postSolution
		{02A1A418-A89A-4703-84DC-B00CBBB24AD9}.Debug|Any CPU.ActiveCfg = Debug|Any CPU
		{02A1A418-A89A-4703-84DC-B00CBBB24AD9}.Debug|Any CPU.Build.0 = Debug|Any CPU
		{02A1A418-A89A-4703-84DC-B00CBBB24AD9}.Release|Any CPU.ActiveCfg = Release|Any CPU
		{02A1A418-A89A-4703-84DC-B00CBBB24AD9}.Release|Any CPU.Build.0 = Release|Any CPU
		{C6939FFC-294D-4B1D-91F5-CE166031BD2D}.Debug|Any CPU.ActiveCfg = Debug|Any CPU
		{C6939FFC-294D-4B1D-91F5-CE166031BD2D}.Debug|Any CPU.Build.0 = Debug|Any CPU
		{C6939FFC-294D-4B1D-91F5-CE166031BD2D}.Release|Any CPU.ActiveCfg = Release|Any CPU
		{C6939FFC-294D-4B1D-91F5-CE166031BD2D}.Release|Any CPU.Build.0 = Release|Any CPU
	EndGlobalSection
	GlobalSection(SolutionProperties) = preSolution
		HideSolutionNode = FALSE
	EndGlobalSection
	GlobalSection(ExtensibilityGlobals) = postSolution
		SolutionGuid = {7FC3264A-8C14-4AE1-8F82-A2694F4AC2D6}
	EndGlobalSection
EndGlobal
