
Microsoft Visual Studio Solution File, Format Version 12.00
# Visual Studio Version 16
VisualStudioVersion = 16.0.31702.278
MinimumVisualStudioVersion = 10.0.40219.1
Project("{FAE04EC0-301F-11D3-BF4B-00C04F79EFBC}") = "PigDiceGameApp", "PigDiceGameApp\PigDiceGameApp.csproj", "{519B0999-1A95-4915-AACB-F56604D6E93F}"
EndProject
Global
	GlobalSection(SolutionConfigurationPlatforms) = preSolution
		Debug|Any CPU = Debug|Any CPU
		Release|Any CPU = Release|Any CPU
	EndGlobalSection
	GlobalSection(ProjectConfigurationPlatforms) = postSolution
		{519B0999-1A95-4915-AACB-F56604D6E93F}.Debug|Any CPU.ActiveCfg = Debug|Any CPU
		{519B0999-1A95-4915-AACB-F56604D6E93F}.Debug|Any CPU.Build.0 = Debug|Any CPU
		{519B0999-1A95-4915-AACB-F56604D6E93F}.Release|Any CPU.ActiveCfg = Release|Any CPU
		{519B0999-1A95-4915-AACB-F56604D6E93F}.Release|Any CPU.Build.0 = Release|Any CPU
	EndGlobalSection
	GlobalSection(SolutionProperties) = preSolution
		HideSolutionNode = FALSE
	EndGlobalSection
	GlobalSection(ExtensibilityGlobals) = postSolution
		SolutionGuid = {C3835100-864F-4C78-BA07-083EA39444FB}
	EndGlobalSection
EndGlobal
