
Microsoft Visual Studio Solution File, Format Version 12.00
# Visual Studio Version 16
VisualStudioVersion = 16.0.31729.503
MinimumVisualStudioVersion = 10.0.40219.1
Project("{FAE04EC0-301F-11D3-BF4B-00C04F79EFBC}") = "InheritClassApp", "InheritClassApp\InheritClassApp.csproj", "{06E4DF9B-7038-41D9-817F-CC1EE34D4DA7}"
EndProject
Global
	GlobalSection(SolutionConfigurationPlatforms) = preSolution
		Debug|Any CPU = Debug|Any CPU
		Release|Any CPU = Release|Any CPU
	EndGlobalSection
	GlobalSection(ProjectConfigurationPlatforms) = postSolution
		{06E4DF9B-7038-41D9-817F-CC1EE34D4DA7}.Debug|Any CPU.ActiveCfg = Debug|Any CPU
		{06E4DF9B-7038-41D9-817F-CC1EE34D4DA7}.Debug|Any CPU.Build.0 = Debug|Any CPU
		{06E4DF9B-7038-41D9-817F-CC1EE34D4DA7}.Release|Any CPU.ActiveCfg = Release|Any CPU
		{06E4DF9B-7038-41D9-817F-CC1EE34D4DA7}.Release|Any CPU.Build.0 = Release|Any CPU
	EndGlobalSection
	GlobalSection(SolutionProperties) = preSolution
		HideSolutionNode = FALSE
	EndGlobalSection
	GlobalSection(ExtensibilityGlobals) = postSolution
		SolutionGuid = {70A001AA-D8B4-4EE6-B0A1-179649351407}
	EndGlobalSection
EndGlobal
