
Microsoft Visual Studio Solution File, Format Version 12.00
# Visual Studio Version 16
VisualStudioVersion = 16.0.31702.278
MinimumVisualStudioVersion = 10.0.40219.1
Project("{FAE04EC0-301F-11D3-BF4B-00C04F79EFBC}") = "ArrayObjTestApp", "ArrayObjTestApp\ArrayObjTestApp.csproj", "{C7473EA2-710B-4441-9DCF-E7E7447E1FEE}"
EndProject
Global
	GlobalSection(SolutionConfigurationPlatforms) = preSolution
		Debug|Any CPU = Debug|Any CPU
		Release|Any CPU = Release|Any CPU
	EndGlobalSection
	GlobalSection(ProjectConfigurationPlatforms) = postSolution
		{C7473EA2-710B-4441-9DCF-E7E7447E1FEE}.Debug|Any CPU.ActiveCfg = Debug|Any CPU
		{C7473EA2-710B-4441-9DCF-E7E7447E1FEE}.Debug|Any CPU.Build.0 = Debug|Any CPU
		{C7473EA2-710B-4441-9DCF-E7E7447E1FEE}.Release|Any CPU.ActiveCfg = Release|Any CPU
		{C7473EA2-710B-4441-9DCF-E7E7447E1FEE}.Release|Any CPU.Build.0 = Release|Any CPU
	EndGlobalSection
	GlobalSection(SolutionProperties) = preSolution
		HideSolutionNode = FALSE
	EndGlobalSection
	GlobalSection(ExtensibilityGlobals) = postSolution
		SolutionGuid = {CFE3DDA5-5115-4ACD-A6EC-ED8A5B60287C}
	EndGlobalSection
EndGlobal
