
Microsoft Visual Studio Solution File, Format Version 12.00
# Visual Studio Version 16
VisualStudioVersion = 16.0.31729.503
MinimumVisualStudioVersion = 10.0.40219.1
Project("{FAE04EC0-301F-11D3-BF4B-00C04F79EFBC}") = "DogDoorApp", "DogDoorApp\DogDoorApp.csproj", "{09F9B1C9-DB10-429A-BD01-555619E5F2FF}"
EndProject
Global
	GlobalSection(SolutionConfigurationPlatforms) = preSolution
		Debug|Any CPU = Debug|Any CPU
		Release|Any CPU = Release|Any CPU
	EndGlobalSection
	GlobalSection(ProjectConfigurationPlatforms) = postSolution
		{09F9B1C9-DB10-429A-BD01-555619E5F2FF}.Debug|Any CPU.ActiveCfg = Debug|Any CPU
		{09F9B1C9-DB10-429A-BD01-555619E5F2FF}.Debug|Any CPU.Build.0 = Debug|Any CPU
		{09F9B1C9-DB10-429A-BD01-555619E5F2FF}.Release|Any CPU.ActiveCfg = Release|Any CPU
		{09F9B1C9-DB10-429A-BD01-555619E5F2FF}.Release|Any CPU.Build.0 = Release|Any CPU
	EndGlobalSection
	GlobalSection(SolutionProperties) = preSolution
		HideSolutionNode = FALSE
	EndGlobalSection
	GlobalSection(ExtensibilityGlobals) = postSolution
		SolutionGuid = {E6227D00-409C-4857-AB24-947DCC8D8DEF}
	EndGlobalSection
EndGlobal
