
Microsoft Visual Studio Solution File, Format Version 12.00
# Visual Studio Version 16
VisualStudioVersion = 16.0.31729.503
MinimumVisualStudioVersion = 10.0.40219.1
Project("{FAE04EC0-301F-11D3-BF4B-00C04F79EFBC}") = "JukeboxApp", "JukeboxApp\JukeboxApp.csproj", "{74DCF28C-47AC-44E8-9B3A-85728D1B8A9F}"
EndProject
Global
	GlobalSection(SolutionConfigurationPlatforms) = preSolution
		Debug|Any CPU = Debug|Any CPU
		Release|Any CPU = Release|Any CPU
	EndGlobalSection
	GlobalSection(ProjectConfigurationPlatforms) = postSolution
		{74DCF28C-47AC-44E8-9B3A-85728D1B8A9F}.Debug|Any CPU.ActiveCfg = Debug|Any CPU
		{74DCF28C-47AC-44E8-9B3A-85728D1B8A9F}.Debug|Any CPU.Build.0 = Debug|Any CPU
		{74DCF28C-47AC-44E8-9B3A-85728D1B8A9F}.Release|Any CPU.ActiveCfg = Release|Any CPU
		{74DCF28C-47AC-44E8-9B3A-85728D1B8A9F}.Release|Any CPU.Build.0 = Release|Any CPU
	EndGlobalSection
	GlobalSection(SolutionProperties) = preSolution
		HideSolutionNode = FALSE
	EndGlobalSection
	GlobalSection(ExtensibilityGlobals) = postSolution
		SolutionGuid = {0E928540-DFB4-463D-A863-C5DE96040B84}
	EndGlobalSection
EndGlobal
