
Microsoft Visual Studio Solution File, Format Version 12.00
# Visual Studio Version 16
VisualStudioVersion = 16.0.31729.503
MinimumVisualStudioVersion = 10.0.40219.1
Project("{FAE04EC0-301F-11D3-BF4B-00C04F79EFBC}") = "RulesAssignmentApp", "RulesAssignmentApp\RulesAssignmentApp.csproj", "{659AD3B8-A4FE-4730-82B6-8E151B48A0CC}"
EndProject
Project("{FAE04EC0-301F-11D3-BF4B-00C04F79EFBC}") = "RuleTwoApp", "RuleTwoApp\RuleTwoApp.csproj", "{4928DF3F-937C-481B-AE05-EA81EB6F9321}"
EndProject
Global
	GlobalSection(SolutionConfigurationPlatforms) = preSolution
		Debug|Any CPU = Debug|Any CPU
		Release|Any CPU = Release|Any CPU
	EndGlobalSection
	GlobalSection(ProjectConfigurationPlatforms) = postSolution
		{659AD3B8-A4FE-4730-82B6-8E151B48A0CC}.Debug|Any CPU.ActiveCfg = Debug|Any CPU
		{659AD3B8-A4FE-4730-82B6-8E151B48A0CC}.Debug|Any CPU.Build.0 = Debug|Any CPU
		{659AD3B8-A4FE-4730-82B6-8E151B48A0CC}.Release|Any CPU.ActiveCfg = Release|Any CPU
		{659AD3B8-A4FE-4730-82B6-8E151B48A0CC}.Release|Any CPU.Build.0 = Release|Any CPU
		{4928DF3F-937C-481B-AE05-EA81EB6F9321}.Debug|Any CPU.ActiveCfg = Debug|Any CPU
		{4928DF3F-937C-481B-AE05-EA81EB6F9321}.Debug|Any CPU.Build.0 = Debug|Any CPU
		{4928DF3F-937C-481B-AE05-EA81EB6F9321}.Release|Any CPU.ActiveCfg = Release|Any CPU
		{4928DF3F-937C-481B-AE05-EA81EB6F9321}.Release|Any CPU.Build.0 = Release|Any CPU
	EndGlobalSection
	GlobalSection(SolutionProperties) = preSolution
		HideSolutionNode = FALSE
	EndGlobalSection
	GlobalSection(ExtensibilityGlobals) = postSolution
		SolutionGuid = {7F675C2C-ED24-4094-8D77-2F0938F8306B}
	EndGlobalSection
EndGlobal
